Microsoft Visual Studio Solution File, Format Version 12.00
# Visual Studio Version 17
VisualStudioVersion = 17.5.33530.505
MinimumVisualStudioVersion = 15.0.26124.0
Project("{9A19103F-16F7-4668-BE54-9A1E7A4F7556}") = "Server.App", "App\Server.App.csproj", "{11464C2C-E0B6-476E-ABB1-87445E736B76}"
EndProject
Project("{9A19103F-16F7-4668-BE54-9A1E7A4F7556}") = "Server.Hotfix", "Hotfix\Server.Hotfix.csproj", "{E383A68D-1928-46F4-8896-4E99DF331476}"
EndProject
Project("{9A19103F-16F7-4668-BE54-9A1E7A4F7556}") = "Server.Model", "Model\Server.Model.csproj", "{85CB09B5-6392-4A13-BAF8-025218BFF496}"
EndProject
Project("{2150E333-8FDC-42A3-9474-1A3956D46DE8}") = "ThirdParty", "ThirdParty", "{5D11E730-0CAA-4A47-BA1A-379004F0F6D9}"
EndProject
Project("{9A19103F-16F7-4668-BE54-9A1E7A4F7556}") = "Google.Protobuf", "ThirdParty\Google.Protobuf\Google.Protobuf.csproj", "{02B4D7EC-AC40-4675-963E-53CAB9A86BDE}"
EndProject
Project("{9A19103F-16F7-4668-BE54-9A1E7A4F7556}") = "KcpLib", "ThirdParty\KcpLib\KcpLib.csproj", "{2B432E70-FA05-4D99-8241-237B0E4F5D84}"
EndProject
Project("{9A19103F-16F7-4668-BE54-9A1E7A4F7556}") = "MongoDB.Bson", "ThirdParty\MongoDBDriver\MongoDB.Bson\MongoDB.Bson.csproj", "{78F97DF3-2E7F-4FB5-801D-E9CC4FB859F7}"
EndProject
Project("{2150E333-8FDC-42A3-9474-1A3956D46DE8}") = "MongoDBDriver", "MongoDBDriver", "{BEC42614-36FF-4E7C-BB7D-FDBB59485C06}"
	ProjectSection(SolutionItems) = preProject
		ThirdParty\MongodbDriver\Directory.Build.props = ThirdParty\MongodbDriver\Directory.Build.props
	EndProjectSection
EndProject
Project("{9A19103F-16F7-4668-BE54-9A1E7A4F7556}") = "MongoDB.Driver", "ThirdParty\MongoDBDriver\MongoDB.Driver\MongoDB.Driver.csproj", "{5EA0C606-F612-4975-95B9-A20D2BFB16F7}"
EndProject
Project("{2150E333-8FDC-42A3-9474-1A3956D46DE8}") = "FirebaseAdmin", "FirebaseAdmin", "{320B994F-7F90-4260-A963-D69518CB3050}"
EndProject
Project("{9A19103F-16F7-4668-BE54-9A1E7A4F7556}") = "FirebaseAdmin", "ThirdParty\FirebaseAdmin\FirebaseAdmin\FirebaseAdmin\FirebaseAdmin.csproj", "{20D3B9D9-7461-441A-A798-6B124417F7A3}"
EndProject
Project("{9A19103F-16F7-4668-BE54-9A1E7A4F7556}") = "FirebaseAdmin.IntegrationTests", "ThirdParty\FirebaseAdmin\FirebaseAdmin\FirebaseAdmin.IntegrationTests\FirebaseAdmin.IntegrationTests.csproj", "{709FCC13-249A-4752-972F-B770B0652919}"
EndProject
Project("{9A19103F-16F7-4668-BE54-9A1E7A4F7556}") = "FirebaseAdmin.Snippets", "ThirdParty\FirebaseAdmin\FirebaseAdmin\FirebaseAdmin.Snippets\FirebaseAdmin.Snippets.csproj", "{2AEFFFD2-2C76-492B-9326-01BC75B8A79B}"
EndProject
Project("{9A19103F-16F7-4668-BE54-9A1E7A4F7556}") = "FirebaseAdmin.Tests", "ThirdParty\FirebaseAdmin\FirebaseAdmin\FirebaseAdmin.Tests\FirebaseAdmin.Tests.csproj", "{3DF585F1-5608-46FF-A75A-7542EBA0D2B1}"
EndProject
Project("{2150E333-8FDC-42A3-9474-1A3956D46DE8}") = "JWT", "JWT", "{34C68953-A8EA-4294-8D85-5C05F6014997}"
EndProject
Project("{9A19103F-16F7-4668-BE54-9A1E7A4F7556}") = "JWT", "ThirdParty\JWT\JWT\JWT.csproj", "{60545226-EAC9-4F3F-BE90-D8E0611DB6E4}"
EndProject
Project("{9A19103F-16F7-4668-BE54-9A1E7A4F7556}") = "Server.Library", "Library\Server.Library.csproj", "{5454DD8A-E62E-4E6B-AC6B-8E16C2FA56D3}"
EndProject
Project("{9A19103F-16F7-4668-BE54-9A1E7A4F7556}") = "Proto2CS", "ThirdParty\Proto2CS\Proto2CS.csproj", "{02935DD6-72AE-4977-AF36-658BE87F2BA7}"
EndProject
Project("{9A19103F-16F7-4668-BE54-9A1E7A4F7556}") = "Server.DBViewGenerator", "DBViewGenerator\Server.DBViewGenerator.csproj", "{A48C8393-13D6-4774-848E-C17DBFC4C52C}"
EndProject
Project("{9A19103F-16F7-4668-BE54-9A1E7A4F7556}") = "NCrontab", "ThirdParty\NCrontab\NCrontab.csproj", "{42D7A906-6DA0-4F88-9AA8-A0DF9CA023B4}"
EndProject
Project("{9A19103F-16F7-4668-BE54-9A1E7A4F7556}") = "CronNET", "ThirdParty\CronNET\CronNET.csproj", "{E101F055-005C-4190-98A0-E6ABB92C83F3}"
EndProject
Project("{9A19103F-16F7-4668-BE54-9A1E7A4F7556}") = "ExcelExporter", "ThirdParty\ExcelExporter\ExcelExporter.csproj", "{B314C16F-CFDB-41A1-AF9B-87416E432BB8}"
EndProject
Global
	GlobalSection(SolutionConfigurationPlatforms) = preSolution
		Debug|Any CPU = Debug|Any CPU
		Debug|x64 = Debug|x64
		Debug|x86 = Debug|x86
		Release|Any CPU = Release|Any CPU
		Release|x64 = Release|x64
		Release|x86 = Release|x86
	EndGlobalSection
	GlobalSection(ProjectConfigurationPlatforms) = postSolution
		{11464C2C-E0B6-476E-ABB1-87445E736B76}.Debug|Any CPU.ActiveCfg = Debug|Any CPU
		{11464C2C-E0B6-476E-ABB1-87445E736B76}.Debug|Any CPU.Build.0 = Debug|Any CPU
		{11464C2C-E0B6-476E-ABB1-87445E736B76}.Debug|x64.ActiveCfg = Debug|Any CPU
		{11464C2C-E0B6-476E-ABB1-87445E736B76}.Debug|x64.Build.0 = Debug|Any CPU
		{11464C2C-E0B6-476E-ABB1-87445E736B76}.Debug|x86.ActiveCfg = Debug|Any CPU
		{11464C2C-E0B6-476E-ABB1-87445E736B76}.Debug|x86.Build.0 = Debug|Any CPU
		{11464C2C-E0B6-476E-ABB1-87445E736B76}.Release|Any CPU.ActiveCfg = Release|Any CPU
		{11464C2C-E0B6-476E-ABB1-87445E736B76}.Release|Any CPU.Build.0 = Release|Any CPU
		{11464C2C-E0B6-476E-ABB1-87445E736B76}.Release|x64.ActiveCfg = Release|Any CPU
		{11464C2C-E0B6-476E-ABB1-87445E736B76}.Release|x64.Build.0 = Release|Any CPU
		{11464C2C-E0B6-476E-ABB1-87445E736B76}.Release|x86.ActiveCfg = Release|Any CPU
		{11464C2C-E0B6-476E-ABB1-87445E736B76}.Release|x86.Build.0 = Release|Any CPU
		{E383A68D-1928-46F4-8896-4E99DF331476}.Debug|Any CPU.ActiveCfg = Debug|Any CPU
		{E383A68D-1928-46F4-8896-4E99DF331476}.Debug|Any CPU.Build.0 = Debug|Any CPU
		{E383A68D-1928-46F4-8896-4E99DF331476}.Debug|x64.ActiveCfg = Debug|Any CPU
		{E383A68D-1928-46F4-8896-4E99DF331476}.Debug|x64.Build.0 = Debug|Any CPU
		{E383A68D-1928-46F4-8896-4E99DF331476}.Debug|x86.ActiveCfg = Debug|Any CPU
		{E383A68D-1928-46F4-8896-4E99DF331476}.Debug|x86.Build.0 = Debug|Any CPU
		{E383A68D-1928-46F4-8896-4E99DF331476}.Release|Any CPU.ActiveCfg = Release|Any CPU
		{E383A68D-1928-46F4-8896-4E99DF331476}.Release|Any CPU.Build.0 = Release|Any CPU
		{E383A68D-1928-46F4-8896-4E99DF331476}.Release|x64.ActiveCfg = Release|Any CPU
		{E383A68D-1928-46F4-8896-4E99DF331476}.Release|x64.Build.0 = Release|Any CPU
		{E383A68D-1928-46F4-8896-4E99DF331476}.Release|x86.ActiveCfg = Release|Any CPU
		{E383A68D-1928-46F4-8896-4E99DF331476}.Release|x86.Build.0 = Release|Any CPU
		{85CB09B5-6392-4A13-BAF8-025218BFF496}.Debug|Any CPU.ActiveCfg = Debug|Any CPU
		{85CB09B5-6392-4A13-BAF8-025218BFF496}.Debug|Any CPU.Build.0 = Debug|Any CPU
		{85CB09B5-6392-4A13-BAF8-025218BFF496}.Debug|x64.ActiveCfg = Debug|Any CPU
		{85CB09B5-6392-4A13-BAF8-025218BFF496}.Debug|x64.Build.0 = Debug|Any CPU
		{85CB09B5-6392-4A13-BAF8-025218BFF496}.Debug|x86.ActiveCfg = Debug|Any CPU
		{85CB09B5-6392-4A13-BAF8-025218BFF496}.Debug|x86.Build.0 = Debug|Any CPU
		{85CB09B5-6392-4A13-BAF8-025218BFF496}.Release|Any CPU.ActiveCfg = Release|Any CPU
		{85CB09B5-6392-4A13-BAF8-025218BFF496}.Release|Any CPU.Build.0 = Release|Any CPU
		{85CB09B5-6392-4A13-BAF8-025218BFF496}.Release|x64.ActiveCfg = Release|Any CPU
		{85CB09B5-6392-4A13-BAF8-025218BFF496}.Release|x64.Build.0 = Release|Any CPU
		{85CB09B5-6392-4A13-BAF8-025218BFF496}.Release|x86.ActiveCfg = Release|Any CPU
		{85CB09B5-6392-4A13-BAF8-025218BFF496}.Release|x86.Build.0 = Release|Any CPU
		{02B4D7EC-AC40-4675-963E-53CAB9A86BDE}.Debug|Any CPU.ActiveCfg = Debug|Any CPU
		{02B4D7EC-AC40-4675-963E-53CAB9A86BDE}.Debug|Any CPU.Build.0 = Debug|Any CPU
		{02B4D7EC-AC40-4675-963E-53CAB9A86BDE}.Debug|x64.ActiveCfg = Debug|Any CPU
		{02B4D7EC-AC40-4675-963E-53CAB9A86BDE}.Debug|x64.Build.0 = Debug|Any CPU
		{02B4D7EC-AC40-4675-963E-53CAB9A86BDE}.Debug|x86.ActiveCfg = Debug|Any CPU
		{02B4D7EC-AC40-4675-963E-53CAB9A86BDE}.Debug|x86.Build.0 = Debug|Any CPU
		{02B4D7EC-AC40-4675-963E-53CAB9A86BDE}.Release|Any CPU.ActiveCfg = Release|Any CPU
		{02B4D7EC-AC40-4675-963E-53CAB9A86BDE}.Release|Any CPU.Build.0 = Release|Any CPU
		{02B4D7EC-AC40-4675-963E-53CAB9A86BDE}.Release|x64.ActiveCfg = Release|Any CPU
		{02B4D7EC-AC40-4675-963E-53CAB9A86BDE}.Release|x64.Build.0 = Release|Any CPU
		{02B4D7EC-AC40-4675-963E-53CAB9A86BDE}.Release|x86.ActiveCfg = Release|Any CPU
		{02B4D7EC-AC40-4675-963E-53CAB9A86BDE}.Release|x86.Build.0 = Release|Any CPU
		{2B432E70-FA05-4D99-8241-237B0E4F5D84}.Debug|Any CPU.ActiveCfg = Debug|Any CPU
		{2B432E70-FA05-4D99-8241-237B0E4F5D84}.Debug|Any CPU.Build.0 = Debug|Any CPU
		{2B432E70-FA05-4D99-8241-237B0E4F5D84}.Debug|x64.ActiveCfg = Debug|Any CPU
		{2B432E70-FA05-4D99-8241-237B0E4F5D84}.Debug|x64.Build.0 = Debug|Any CPU
		{2B432E70-FA05-4D99-8241-237B0E4F5D84}.Debug|x86.ActiveCfg = Debug|Any CPU
		{2B432E70-FA05-4D99-8241-237B0E4F5D84}.Debug|x86.Build.0 = Debug|Any CPU
		{2B432E70-FA05-4D99-8241-237B0E4F5D84}.Release|Any CPU.ActiveCfg = Release|Any CPU
		{2B432E70-FA05-4D99-8241-237B0E4F5D84}.Release|Any CPU.Build.0 = Release|Any CPU
		{2B432E70-FA05-4D99-8241-237B0E4F5D84}.Release|x64.ActiveCfg = Release|Any CPU
		{2B432E70-FA05-4D99-8241-237B0E4F5D84}.Release|x64.Build.0 = Release|Any CPU
		{2B432E70-FA05-4D99-8241-237B0E4F5D84}.Release|x86.ActiveCfg = Release|Any CPU
		{2B432E70-FA05-4D99-8241-237B0E4F5D84}.Release|x86.Build.0 = Release|Any CPU
		{78F97DF3-2E7F-4FB5-801D-E9CC4FB859F7}.Debug|Any CPU.ActiveCfg = Debug|Any CPU
		{78F97DF3-2E7F-4FB5-801D-E9CC4FB859F7}.Debug|Any CPU.Build.0 = Debug|Any CPU
		{78F97DF3-2E7F-4FB5-801D-E9CC4FB859F7}.Debug|x64.ActiveCfg = Debug|Any CPU
		{78F97DF3-2E7F-4FB5-801D-E9CC4FB859F7}.Debug|x64.Build.0 = Debug|Any CPU
		{78F97DF3-2E7F-4FB5-801D-E9CC4FB859F7}.Debug|x86.ActiveCfg = Debug|Any CPU
		{78F97DF3-2E7F-4FB5-801D-E9CC4FB859F7}.Debug|x86.Build.0 = Debug|Any CPU
		{78F97DF3-2E7F-4FB5-801D-E9CC4FB859F7}.Release|Any CPU.ActiveCfg = Release|Any CPU
		{78F97DF3-2E7F-4FB5-801D-E9CC4FB859F7}.Release|Any CPU.Build.0 = Release|Any CPU
		{78F97DF3-2E7F-4FB5-801D-E9CC4FB859F7}.Release|x64.ActiveCfg = Release|Any CPU
		{78F97DF3-2E7F-4FB5-801D-E9CC4FB859F7}.Release|x64.Build.0 = Release|Any CPU
		{78F97DF3-2E7F-4FB5-801D-E9CC4FB859F7}.Release|x86.ActiveCfg = Release|Any CPU
		{78F97DF3-2E7F-4FB5-801D-E9CC4FB859F7}.Release|x86.Build.0 = Release|Any CPU
		{5EA0C606-F612-4975-95B9-A20D2BFB16F7}.Debug|Any CPU.ActiveCfg = Debug|Any CPU
		{5EA0C606-F612-4975-95B9-A20D2BFB16F7}.Debug|Any CPU.Build.0 = Debug|Any CPU
		{5EA0C606-F612-4975-95B9-A20D2BFB16F7}.Debug|x64.ActiveCfg = Debug|Any CPU
		{5EA0C606-F612-4975-95B9-A20D2BFB16F7}.Debug|x64.Build.0 = Debug|Any CPU
		{5EA0C606-F612-4975-95B9-A20D2BFB16F7}.Debug|x86.ActiveCfg = Debug|Any CPU
		{5EA0C606-F612-4975-95B9-A20D2BFB16F7}.Debug|x86.Build.0 = Debug|Any CPU
		{5EA0C606-F612-4975-95B9-A20D2BFB16F7}.Release|Any CPU.ActiveCfg = Release|Any CPU
		{5EA0C606-F612-4975-95B9-A20D2BFB16F7}.Release|Any CPU.Build.0 = Release|Any CPU
		{5EA0C606-F612-4975-95B9-A20D2BFB16F7}.Release|x64.ActiveCfg = Release|Any CPU
		{5EA0C606-F612-4975-95B9-A20D2BFB16F7}.Release|x64.Build.0 = Release|Any CPU
		{5EA0C606-F612-4975-95B9-A20D2BFB16F7}.Release|x86.ActiveCfg = Release|Any CPU
		{5EA0C606-F612-4975-95B9-A20D2BFB16F7}.Release|x86.Build.0 = Release|Any CPU
		{20D3B9D9-7461-441A-A798-6B124417F7A3}.Debug|Any CPU.ActiveCfg = Debug|Any CPU
		{20D3B9D9-7461-441A-A798-6B124417F7A3}.Debug|Any CPU.Build.0 = Debug|Any CPU
		{20D3B9D9-7461-441A-A798-6B124417F7A3}.Debug|x64.ActiveCfg = Debug|Any CPU
		{20D3B9D9-7461-441A-A798-6B124417F7A3}.Debug|x64.Build.0 = Debug|Any CPU
		{20D3B9D9-7461-441A-A798-6B124417F7A3}.Debug|x86.ActiveCfg = Debug|Any CPU
		{20D3B9D9-7461-441A-A798-6B124417F7A3}.Debug|x86.Build.0 = Debug|Any CPU
		{20D3B9D9-7461-441A-A798-6B124417F7A3}.Release|Any CPU.ActiveCfg = Release|Any CPU
		{20D3B9D9-7461-441A-A798-6B124417F7A3}.Release|Any CPU.Build.0 = Release|Any CPU
		{20D3B9D9-7461-441A-A798-6B124417F7A3}.Release|x64.ActiveCfg = Release|Any CPU
		{20D3B9D9-7461-441A-A798-6B124417F7A3}.Release|x64.Build.0 = Release|Any CPU
		{20D3B9D9-7461-441A-A798-6B124417F7A3}.Release|x86.ActiveCfg = Release|Any CPU
		{20D3B9D9-7461-441A-A798-6B124417F7A3}.Release|x86.Build.0 = Release|Any CPU
		{709FCC13-249A-4752-972F-B770B0652919}.Debug|Any CPU.ActiveCfg = Debug|Any CPU
		{709FCC13-249A-4752-972F-B770B0652919}.Debug|Any CPU.Build.0 = Debug|Any CPU
		{709FCC13-249A-4752-972F-B770B0652919}.Debug|x64.ActiveCfg = Debug|Any CPU
		{709FCC13-249A-4752-972F-B770B0652919}.Debug|x64.Build.0 = Debug|Any CPU
		{709FCC13-249A-4752-972F-B770B0652919}.Debug|x86.ActiveCfg = Debug|Any CPU
		{709FCC13-249A-4752-972F-B770B0652919}.Debug|x86.Build.0 = Debug|Any CPU
		{709FCC13-249A-4752-972F-B770B0652919}.Release|Any CPU.ActiveCfg = Release|Any CPU
		{709FCC13-249A-4752-972F-B770B0652919}.Release|Any CPU.Build.0 = Release|Any CPU
		{709FCC13-249A-4752-972F-B770B0652919}.Release|x64.ActiveCfg = Release|Any CPU
		{709FCC13-249A-4752-972F-B770B0652919}.Release|x64.Build.0 = Release|Any CPU
		{709FCC13-249A-4752-972F-B770B0652919}.Release|x86.ActiveCfg = Release|Any CPU
		{709FCC13-249A-4752-972F-B770B0652919}.Release|x86.Build.0 = Release|Any CPU
		{2AEFFFD2-2C76-492B-9326-01BC75B8A79B}.Debug|Any CPU.ActiveCfg = Debug|Any CPU
		{2AEFFFD2-2C76-492B-9326-01BC75B8A79B}.Debug|Any CPU.Build.0 = Debug|Any CPU
		{2AEFFFD2-2C76-492B-9326-01BC75B8A79B}.Debug|x64.ActiveCfg = Debug|Any CPU
		{2AEFFFD2-2C76-492B-9326-01BC75B8A79B}.Debug|x64.Build.0 = Debug|Any CPU
		{2AEFFFD2-2C76-492B-9326-01BC75B8A79B}.Debug|x86.ActiveCfg = Debug|Any CPU
		{2AEFFFD2-2C76-492B-9326-01BC75B8A79B}.Debug|x86.Build.0 = Debug|Any CPU
		{2AEFFFD2-2C76-492B-9326-01BC75B8A79B}.Release|Any CPU.ActiveCfg = Release|Any CPU
		{2AEFFFD2-2C76-492B-9326-01BC75B8A79B}.Release|Any CPU.Build.0 = Release|Any CPU
		{2AEFFFD2-2C76-492B-9326-01BC75B8A79B}.Release|x64.ActiveCfg = Release|Any CPU
		{2AEFFFD2-2C76-492B-9326-01BC75B8A79B}.Release|x64.Build.0 = Release|Any CPU
		{2AEFFFD2-2C76-492B-9326-01BC75B8A79B}.Release|x86.ActiveCfg = Release|Any CPU
		{2AEFFFD2-2C76-492B-9326-01BC75B8A79B}.Release|x86.Build.0 = Release|Any CPU
		{3DF585F1-5608-46FF-A75A-7542EBA0D2B1}.Debug|Any CPU.ActiveCfg = Debug|Any CPU
		{3DF585F1-5608-46FF-A75A-7542EBA0D2B1}.Debug|Any CPU.Build.0 = Debug|Any CPU
		{3DF585F1-5608-46FF-A75A-7542EBA0D2B1}.Debug|x64.ActiveCfg = Debug|Any CPU
		{3DF585F1-5608-46FF-A75A-7542EBA0D2B1}.Debug|x64.Build.0 = Debug|Any CPU
		{3DF585F1-5608-46FF-A75A-7542EBA0D2B1}.Debug|x86.ActiveCfg = Debug|Any CPU
		{3DF585F1-5608-46FF-A75A-7542EBA0D2B1}.Debug|x86.Build.0 = Debug|Any CPU
		{3DF585F1-5608-46FF-A75A-7542EBA0D2B1}.Release|Any CPU.ActiveCfg = Release|Any CPU
		{3DF585F1-5608-46FF-A75A-7542EBA0D2B1}.Release|Any CPU.Build.0 = Release|Any CPU
		{3DF585F1-5608-46FF-A75A-7542EBA0D2B1}.Release|x64.ActiveCfg = Release|Any CPU
		{3DF585F1-5608-46FF-A75A-7542EBA0D2B1}.Release|x64.Build.0 = Release|Any CPU
		{3DF585F1-5608-46FF-A75A-7542EBA0D2B1}.Release|x86.ActiveCfg = Release|Any CPU
		{3DF585F1-5608-46FF-A75A-7542EBA0D2B1}.Release|x86.Build.0 = Release|Any CPU
		{60545226-EAC9-4F3F-BE90-D8E0611DB6E4}.Debug|Any CPU.ActiveCfg = Debug|Any CPU
		{60545226-EAC9-4F3F-BE90-D8E0611DB6E4}.Debug|Any CPU.Build.0 = Debug|Any CPU
		{60545226-EAC9-4F3F-BE90-D8E0611DB6E4}.Debug|x64.ActiveCfg = Debug|Any CPU
		{60545226-EAC9-4F3F-BE90-D8E0611DB6E4}.Debug|x64.Build.0 = Debug|Any CPU
		{60545226-EAC9-4F3F-BE90-D8E0611DB6E4}.Debug|x86.ActiveCfg = Debug|Any CPU
		{60545226-EAC9-4F3F-BE90-D8E0611DB6E4}.Debug|x86.Build.0 = Debug|Any CPU
		{60545226-EAC9-4F3F-BE90-D8E0611DB6E4}.Release|Any CPU.ActiveCfg = Release|Any CPU
		{60545226-EAC9-4F3F-BE90-D8E0611DB6E4}.Release|Any CPU.Build.0 = Release|Any CPU
		{60545226-EAC9-4F3F-BE90-D8E0611DB6E4}.Release|x64.ActiveCfg = Release|Any CPU
		{60545226-EAC9-4F3F-BE90-D8E0611DB6E4}.Release|x64.Build.0 = Release|Any CPU
		{60545226-EAC9-4F3F-BE90-D8E0611DB6E4}.Release|x86.ActiveCfg = Release|Any CPU
		{60545226-EAC9-4F3F-BE90-D8E0611DB6E4}.Release|x86.Build.0 = Release|Any CPU
		{5454DD8A-E62E-4E6B-AC6B-8E16C2FA56D3}.Debug|Any CPU.ActiveCfg = Debug|Any CPU
		{5454DD8A-E62E-4E6B-AC6B-8E16C2FA56D3}.Debug|Any CPU.Build.0 = Debug|Any CPU
		{5454DD8A-E62E-4E6B-AC6B-8E16C2FA56D3}.Debug|x64.ActiveCfg = Debug|Any CPU
		{5454DD8A-E62E-4E6B-AC6B-8E16C2FA56D3}.Debug|x64.Build.0 = Debug|Any CPU
		{5454DD8A-E62E-4E6B-AC6B-8E16C2FA56D3}.Debug|x86.ActiveCfg = Debug|Any CPU
		{5454DD8A-E62E-4E6B-AC6B-8E16C2FA56D3}.Debug|x86.Build.0 = Debug|Any CPU
		{5454DD8A-E62E-4E6B-AC6B-8E16C2FA56D3}.Release|Any CPU.ActiveCfg = Release|Any CPU
		{5454DD8A-E62E-4E6B-AC6B-8E16C2FA56D3}.Release|Any CPU.Build.0 = Release|Any CPU
		{5454DD8A-E62E-4E6B-AC6B-8E16C2FA56D3}.Release|x64.ActiveCfg = Release|Any CPU
		{5454DD8A-E62E-4E6B-AC6B-8E16C2FA56D3}.Release|x64.Build.0 = Release|Any CPU
		{5454DD8A-E62E-4E6B-AC6B-8E16C2FA56D3}.Release|x86.ActiveCfg = Release|Any CPU
		{5454DD8A-E62E-4E6B-AC6B-8E16C2FA56D3}.Release|x86.Build.0 = Release|Any CPU
		{02935DD6-72AE-4977-AF36-658BE87F2BA7}.Debug|Any CPU.ActiveCfg = Debug|Any CPU
		{02935DD6-72AE-4977-AF36-658BE87F2BA7}.Debug|Any CPU.Build.0 = Debug|Any CPU
		{02935DD6-72AE-4977-AF36-658BE87F2BA7}.Debug|x64.ActiveCfg = Debug|Any CPU
		{02935DD6-72AE-4977-AF36-658BE87F2BA7}.Debug|x64.Build.0 = Debug|Any CPU
		{02935DD6-72AE-4977-AF36-658BE87F2BA7}.Debug|x86.ActiveCfg = Debug|Any CPU
		{02935DD6-72AE-4977-AF36-658BE87F2BA7}.Debug|x86.Build.0 = Debug|Any CPU
		{02935DD6-72AE-4977-AF36-658BE87F2BA7}.Release|Any CPU.ActiveCfg = Release|Any CPU
		{02935DD6-72AE-4977-AF36-658BE87F2BA7}.Release|Any CPU.Build.0 = Release|Any CPU
		{02935DD6-72AE-4977-AF36-658BE87F2BA7}.Release|x64.ActiveCfg = Release|Any CPU
		{02935DD6-72AE-4977-AF36-658BE87F2BA7}.Release|x64.Build.0 = Release|Any CPU
		{02935DD6-72AE-4977-AF36-658BE87F2BA7}.Release|x86.ActiveCfg = Release|Any CPU
		{02935DD6-72AE-4977-AF36-658BE87F2BA7}.Release|x86.Build.0 = Release|Any CPU
		{A48C8393-13D6-4774-848E-C17DBFC4C52C}.Debug|Any CPU.ActiveCfg = Debug|Any CPU
		{A48C8393-13D6-4774-848E-C17DBFC4C52C}.Debug|Any CPU.Build.0 = Debug|Any CPU
		{A48C8393-13D6-4774-848E-C17DBFC4C52C}.Debug|x64.ActiveCfg = Debug|Any CPU
		{A48C8393-13D6-4774-848E-C17DBFC4C52C}.Debug|x64.Build.0 = Debug|Any CPU
		{A48C8393-13D6-4774-848E-C17DBFC4C52C}.Debug|x86.ActiveCfg = Debug|Any CPU
		{A48C8393-13D6-4774-848E-C17DBFC4C52C}.Debug|x86.Build.0 = Debug|Any CPU
		{A48C8393-13D6-4774-848E-C17DBFC4C52C}.Release|Any CPU.ActiveCfg = Release|Any CPU
		{A48C8393-13D6-4774-848E-C17DBFC4C52C}.Release|Any CPU.Build.0 = Release|Any CPU
		{A48C8393-13D6-4774-848E-C17DBFC4C52C}.Release|x64.ActiveCfg = Release|Any CPU
		{A48C8393-13D6-4774-848E-C17DBFC4C52C}.Release|x64.Build.0 = Release|Any CPU
		{A48C8393-13D6-4774-848E-C17DBFC4C52C}.Release|x86.ActiveCfg = Release|Any CPU
		{A48C8393-13D6-4774-848E-C17DBFC4C52C}.Release|x86.Build.0 = Release|Any CPU
		{42D7A906-6DA0-4F88-9AA8-A0DF9CA023B4}.Debug|Any CPU.ActiveCfg = Debug|Any CPU
		{42D7A906-6DA0-4F88-9AA8-A0DF9CA023B4}.Debug|Any CPU.Build.0 = Debug|Any CPU
		{42D7A906-6DA0-4F88-9AA8-A0DF9CA023B4}.Debug|x64.ActiveCfg = Debug|Any CPU
		{42D7A906-6DA0-4F88-9AA8-A0DF9CA023B4}.Debug|x64.Build.0 = Debug|Any CPU
		{42D7A906-6DA0-4F88-9AA8-A0DF9CA023B4}.Debug|x86.ActiveCfg = Debug|Any CPU
		{42D7A906-6DA0-4F88-9AA8-A0DF9CA023B4}.Debug|x86.Build.0 = Debug|Any CPU
		{42D7A906-6DA0-4F88-9AA8-A0DF9CA023B4}.Release|Any CPU.ActiveCfg = Release|Any CPU
		{42D7A906-6DA0-4F88-9AA8-A0DF9CA023B4}.Release|Any CPU.Build.0 = Release|Any CPU
		{42D7A906-6DA0-4F88-9AA8-A0DF9CA023B4}.Release|x64.ActiveCfg = Release|Any CPU
		{42D7A906-6DA0-4F88-9AA8-A0DF9CA023B4}.Release|x64.Build.0 = Release|Any CPU
		{42D7A906-6DA0-4F88-9AA8-A0DF9CA023B4}.Release|x86.ActiveCfg = Release|Any CPU
		{42D7A906-6DA0-4F88-9AA8-A0DF9CA023B4}.Release|x86.Build.0 = Release|Any CPU
		{E101F055-005C-4190-98A0-E6ABB92C83F3}.Debug|Any CPU.ActiveCfg = Debug|Any CPU
		{E101F055-005C-4190-98A0-E6ABB92C83F3}.Debug|Any CPU.Build.0 = Debug|Any CPU
		{E101F055-005C-4190-98A0-E6ABB92C83F3}.Debug|x64.ActiveCfg = Debug|Any CPU
		{E101F055-005C-4190-98A0-E6ABB92C83F3}.Debug|x64.Build.0 = Debug|Any CPU
		{E101F055-005C-4190-98A0-E6ABB92C83F3}.Debug|x86.ActiveCfg = Debug|Any CPU
		{E101F055-005C-4190-98A0-E6ABB92C83F3}.Debug|x86.Build.0 = Debug|Any CPU
		{E101F055-005C-4190-98A0-E6ABB92C83F3}.Release|Any CPU.ActiveCfg = Release|Any CPU
		{E101F055-005C-4190-98A0-E6ABB92C83F3}.Release|Any CPU.Build.0 = Release|Any CPU
		{E101F055-005C-4190-98A0-E6ABB92C83F3}.Release|x64.ActiveCfg = Release|Any CPU
		{E101F055-005C-4190-98A0-E6ABB92C83F3}.Release|x64.Build.0 = Release|Any CPU
		{E101F055-005C-4190-98A0-E6ABB92C83F3}.Release|x86.ActiveCfg = Release|Any CPU
		{E101F055-005C-4190-98A0-E6ABB92C83F3}.Release|x86.Build.0 = Release|Any CPU
		{B314C16F-CFDB-41A1-AF9B-87416E432BB8}.Debug|Any CPU.ActiveCfg = Debug|Any CPU
		{B314C16F-CFDB-41A1-AF9B-87416E432BB8}.Debug|Any CPU.Build.0 = Debug|Any CPU
		{B314C16F-CFDB-41A1-AF9B-87416E432BB8}.Debug|x64.ActiveCfg = Debug|Any CPU
		{B314C16F-CFDB-41A1-AF9B-87416E432BB8}.Debug|x64.Build.0 = Debug|Any CPU
		{B314C16F-CFDB-41A1-AF9B-87416E432BB8}.Debug|x86.ActiveCfg = Debug|Any CPU
		{B314C16F-CFDB-41A1-AF9B-87416E432BB8}.Debug|x86.Build.0 = Debug|Any CPU
		{B314C16F-CFDB-41A1-AF9B-87416E432BB8}.Release|Any CPU.ActiveCfg = Release|Any CPU
		{B314C16F-CFDB-41A1-AF9B-87416E432BB8}.Release|Any CPU.Build.0 = Release|Any CPU
		{B314C16F-CFDB-41A1-AF9B-87416E432BB8}.Release|x64.ActiveCfg = Release|Any CPU
		{B314C16F-CFDB-41A1-AF9B-87416E432BB8}.Release|x64.Build.0 = Release|Any CPU
		{B314C16F-CFDB-41A1-AF9B-87416E432BB8}.Release|x86.ActiveCfg = Release|Any CPU
		{B314C16F-CFDB-41A1-AF9B-87416E432BB8}.Release|x86.Build.0 = Release|Any CPU
	EndGlobalSection
	GlobalSection(SolutionProperties) = preSolution
		HideSolutionNode = FALSE
	EndGlobalSection
	GlobalSection(NestedProjects) = preSolution
		{02B4D7EC-AC40-4675-963E-53CAB9A86BDE} = {5D11E730-0CAA-4A47-BA1A-379004F0F6D9}
		{2B432E70-FA05-4D99-8241-237B0E4F5D84} = {5D11E730-0CAA-4A47-BA1A-379004F0F6D9}
		{78F97DF3-2E7F-4FB5-801D-E9CC4FB859F7} = {BEC42614-36FF-4E7C-BB7D-FDBB59485C06}
		{BEC42614-36FF-4E7C-BB7D-FDBB59485C06} = {5D11E730-0CAA-4A47-BA1A-379004F0F6D9}
		{5EA0C606-F612-4975-95B9-A20D2BFB16F7} = {BEC42614-36FF-4E7C-BB7D-FDBB59485C06}
		{320B994F-7F90-4260-A963-D69518CB3050} = {5D11E730-0CAA-4A47-BA1A-379004F0F6D9}
		{20D3B9D9-7461-441A-A798-6B124417F7A3} = {320B994F-7F90-4260-A963-D69518CB3050}
		{709FCC13-249A-4752-972F-B770B0652919} = {320B994F-7F90-4260-A963-D69518CB3050}
		{2AEFFFD2-2C76-492B-9326-01BC75B8A79B} = {320B994F-7F90-4260-A963-D69518CB3050}
		{3DF585F1-5608-46FF-A75A-7542EBA0D2B1} = {320B994F-7F90-4260-A963-D69518CB3050}
		{34C68953-A8EA-4294-8D85-5C05F6014997} = {5D11E730-0CAA-4A47-BA1A-379004F0F6D9}
		{60545226-EAC9-4F3F-BE90-D8E0611DB6E4} = {34C68953-A8EA-4294-8D85-5C05F6014997}
		{02935DD6-72AE-4977-AF36-658BE87F2BA7} = {5D11E730-0CAA-4A47-BA1A-379004F0F6D9}
		{42D7A906-6DA0-4F88-9AA8-A0DF9CA023B4} = {5D11E730-0CAA-4A47-BA1A-379004F0F6D9}
		{E101F055-005C-4190-98A0-E6ABB92C83F3} = {5D11E730-0CAA-4A47-BA1A-379004F0F6D9}
		{B314C16F-CFDB-41A1-AF9B-87416E432BB8} = {5D11E730-0CAA-4A47-BA1A-379004F0F6D9}
	EndGlobalSection
	GlobalSection(ExtensibilityGlobals) = postSolution
		SolutionGuid = {6AFE93C8-6D07-42DF-85DF-326662E4FB65}
	EndGlobalSection
EndGlobal
